
Microsoft Visual Studio Solution File, Format Version 12.00
# Visual Studio Version 16
VisualStudioVersion = 16.0.29503.13
MinimumVisualStudioVersion = 10.0.40219.1
Project("{FAE04EC0-301F-11D3-BF4B-00C04F79EFBC}") = "Infrastructure.Data.EF", "Infrastructure.Data.EF\Infrastructure.Data.EF.csproj", "{BE36A2C3-A178-44DA-B47B-D7E35206C2E2}"
EndProject
Project("{FAE04EC0-301F-11D3-BF4B-00C04F79EFBC}") = "WindowsFormsApp1", "WindowsFormsApp1\WindowsFormsApp1.csproj", "{4EA5453E-56CD-4AF0-847D-999D79FA3F9D}"
EndProject
Global
	GlobalSection(SolutionConfigurationPlatforms) = preSolution
		Debug|Any CPU = Debug|Any CPU
		Release|Any CPU = Release|Any CPU
	EndGlobalSection
	GlobalSection(ProjectConfigurationPlatforms) = postSolution
		{BE36A2C3-A178-44DA-B47B-D7E35206C2E2}.Debug|Any CPU.ActiveCfg = Debug|Any CPU
		{BE36A2C3-A178-44DA-B47B-D7E35206C2E2}.Debug|Any CPU.Build.0 = Debug|Any CPU
		{BE36A2C3-A178-44DA-B47B-D7E35206C2E2}.Release|Any CPU.ActiveCfg = Release|Any CPU
		{BE36A2C3-A178-44DA-B47B-D7E35206C2E2}.Release|Any CPU.Build.0 = Release|Any CPU
		{4EA5453E-56CD-4AF0-847D-999D79FA3F9D}.Debug|Any CPU.ActiveCfg = Debug|Any CPU
		{4EA5453E-56CD-4AF0-847D-999D79FA3F9D}.Debug|Any CPU.Build.0 = Debug|Any CPU
		{4EA5453E-56CD-4AF0-847D-999D79FA3F9D}.Release|Any CPU.ActiveCfg = Release|Any CPU
		{4EA5453E-56CD-4AF0-847D-999D79FA3F9D}.Release|Any CPU.Build.0 = Release|Any CPU
	EndGlobalSection
	GlobalSection(SolutionProperties) = preSolution
		HideSolutionNode = FALSE
	EndGlobalSection
	GlobalSection(ExtensibilityGlobals) = postSolution
		SolutionGuid = {8D43E051-7F0A-4D41-BC53-218BD1F3FA69}
	EndGlobalSection
EndGlobal
